
Microsoft Visual Studio Solution File, Format Version 12.00
# Visual Studio Version 16
VisualStudioVersion = 16.0.31702.278
MinimumVisualStudioVersion = 10.0.40219.1
Project("{FAE04EC0-301F-11D3-BF4B-00C04F79EFBC}") = "Dictionary1", "Dictionary1\Dictionary1.csproj", "{B55F9DDF-799A-4EA2-997B-02566E164A10}"
EndProject
Global
	GlobalSection(SolutionConfigurationPlatforms) = preSolution
		Debug|Any CPU = Debug|Any CPU
		Release|Any CPU = Release|Any CPU
	EndGlobalSection
	GlobalSection(ProjectConfigurationPlatforms) = postSolution
		{B55F9DDF-799A-4EA2-997B-02566E164A10}.Debug|Any CPU.ActiveCfg = Debug|Any CPU
		{B55F9DDF-799A-4EA2-997B-02566E164A10}.Debug|Any CPU.Build.0 = Debug|Any CPU
		{B55F9DDF-799A-4EA2-997B-02566E164A10}.Release|Any CPU.ActiveCfg = Release|Any CPU
		{B55F9DDF-799A-4EA2-997B-02566E164A10}.Release|Any CPU.Build.0 = Release|Any CPU
	EndGlobalSection
	GlobalSection(SolutionProperties) = preSolution
		HideSolutionNode = FALSE
	EndGlobalSection
	GlobalSection(ExtensibilityGlobals) = postSolution
		SolutionGuid = {95E40E72-C87F-4E2D-84D7-65374E986D96}
	EndGlobalSection
EndGlobal
